
Microsoft Visual Studio Solution File, Format Version 12.00
# Visual Studio 15
Project("{FAE04EC0-301F-11D3-BF4B-00C04F79EFBC}") = "Assembly-CSharp-firstpass", "Assembly-CSharp-firstpass.csproj", "{0B2D0A3C-D32C-CF4E-A689-D920B84100F6}"
EndProject
Project("{FAE04EC0-301F-11D3-BF4B-00C04F79EFBC}") = "SimpleScrollSnap", "SimpleScrollSnap.csproj", "{9226292D-44DF-56A7-D113-A7870D59154F}"
EndProject
Project("{FAE04EC0-301F-11D3-BF4B-00C04F79EFBC}") = "Assembly-CSharp", "Assembly-CSharp.csproj", "{E13659D3-F0DA-D7AA-BDC5-8D8BAD922F66}"
EndProject
Project("{FAE04EC0-301F-11D3-BF4B-00C04F79EFBC}") = "VirtualButtonsScripts", "VirtualButtonsScripts.csproj", "{CB737838-C706-492C-7049-6D7113D630A3}"
EndProject
Project("{FAE04EC0-301F-11D3-BF4B-00C04F79EFBC}") = "SimpleInspectorAttributes", "SimpleInspectorAttributes.csproj", "{B7D08DC4-DF91-3A5C-3321-A16FBEA2F3ED}"
EndProject
Project("{FAE04EC0-301F-11D3-BF4B-00C04F79EFBC}") = "Utilities", "Utilities.csproj", "{F16FFB5C-1712-A572-5552-7681F118EA26}"
EndProject
Project("{FAE04EC0-301F-11D3-BF4B-00C04F79EFBC}") = "Assembly-CSharp-Editor-firstpass", "Assembly-CSharp-Editor-firstpass.csproj", "{94FC6C2B-2D21-0574-B991-E7C3EC27D630}"
EndProject
Project("{FAE04EC0-301F-11D3-BF4B-00C04F79EFBC}") = "SimpleScrollSnapEditor", "SimpleScrollSnapEditor.csproj", "{59D1253F-6788-B622-0E58-13C04556A4D6}"
EndProject
Project("{FAE04EC0-301F-11D3-BF4B-00C04F79EFBC}") = "CopyrightNoticeEditor", "CopyrightNoticeEditor.csproj", "{4AAB4E8F-C684-BA8D-43DE-FF85AF550B72}"
EndProject
Project("{FAE04EC0-301F-11D3-BF4B-00C04F79EFBC}") = "Assembly-CSharp-Editor", "Assembly-CSharp-Editor.csproj", "{24374438-40C2-DF92-D25B-9826BA0817E1}"
EndProject
Project("{FAE04EC0-301F-11D3-BF4B-00C04F79EFBC}") = "UtilitiesEditor", "UtilitiesEditor.csproj", "{28FCDFA6-15CA-CF50-DAA7-11A8D7ADE621}"
EndProject
Project("{FAE04EC0-301F-11D3-BF4B-00C04F79EFBC}") = "SimpleInspectorAttributesEditor", "SimpleInspectorAttributesEditor.csproj", "{BEF44109-AFAC-A0A7-A3B6-84554C57481C}"
EndProject
Global
	GlobalSection(SolutionConfigurationPlatforms) = preSolution
		Debug|Any CPU = Debug|Any CPU
		Release|Any CPU = Release|Any CPU
	EndGlobalSection
	GlobalSection(ProjectConfigurationPlatforms) = postSolution
		{0B2D0A3C-D32C-CF4E-A689-D920B84100F6}.Debug|Any CPU.ActiveCfg = Debug|Any CPU
		{0B2D0A3C-D32C-CF4E-A689-D920B84100F6}.Debug|Any CPU.Build.0 = Debug|Any CPU
		{0B2D0A3C-D32C-CF4E-A689-D920B84100F6}.Release|Any CPU.ActiveCfg = Release|Any CPU
		{0B2D0A3C-D32C-CF4E-A689-D920B84100F6}.Release|Any CPU.Build.0 = Release|Any CPU
		{9226292D-44DF-56A7-D113-A7870D59154F}.Debug|Any CPU.ActiveCfg = Debug|Any CPU
		{9226292D-44DF-56A7-D113-A7870D59154F}.Debug|Any CPU.Build.0 = Debug|Any CPU
		{9226292D-44DF-56A7-D113-A7870D59154F}.Release|Any CPU.ActiveCfg = Release|Any CPU
		{9226292D-44DF-56A7-D113-A7870D59154F}.Release|Any CPU.Build.0 = Release|Any CPU
		{E13659D3-F0DA-D7AA-BDC5-8D8BAD922F66}.Debug|Any CPU.ActiveCfg = Debug|Any CPU
		{E13659D3-F0DA-D7AA-BDC5-8D8BAD922F66}.Debug|Any CPU.Build.0 = Debug|Any CPU
		{E13659D3-F0DA-D7AA-BDC5-8D8BAD922F66}.Release|Any CPU.ActiveCfg = Release|Any CPU
		{E13659D3-F0DA-D7AA-BDC5-8D8BAD922F66}.Release|Any CPU.Build.0 = Release|Any CPU
		{CB737838-C706-492C-7049-6D7113D630A3}.Debug|Any CPU.ActiveCfg = Debug|Any CPU
		{CB737838-C706-492C-7049-6D7113D630A3}.Debug|Any CPU.Build.0 = Debug|Any CPU
		{CB737838-C706-492C-7049-6D7113D630A3}.Release|Any CPU.ActiveCfg = Release|Any CPU
		{CB737838-C706-492C-7049-6D7113D630A3}.Release|Any CPU.Build.0 = Release|Any CPU
		{B7D08DC4-DF91-3A5C-3321-A16FBEA2F3ED}.Debug|Any CPU.ActiveCfg = Debug|Any CPU
		{B7D08DC4-DF91-3A5C-3321-A16FBEA2F3ED}.Debug|Any CPU.Build.0 = Debug|Any CPU
		{B7D08DC4-DF91-3A5C-3321-A16FBEA2F3ED}.Release|Any CPU.ActiveCfg = Release|Any CPU
		{B7D08DC4-DF91-3A5C-3321-A16FBEA2F3ED}.Release|Any CPU.Build.0 = Release|Any CPU
		{F16FFB5C-1712-A572-5552-7681F118EA26}.Debug|Any CPU.ActiveCfg = Debug|Any CPU
		{F16FFB5C-1712-A572-5552-7681F118EA26}.Debug|Any CPU.Build.0 = Debug|Any CPU
		{F16FFB5C-1712-A572-5552-7681F118EA26}.Release|Any CPU.ActiveCfg = Release|Any CPU
		{F16FFB5C-1712-A572-5552-7681F118EA26}.Release|Any CPU.Build.0 = Release|Any CPU
		{94FC6C2B-2D21-0574-B991-E7C3EC27D630}.Debug|Any CPU.ActiveCfg = Debug|Any CPU
		{94FC6C2B-2D21-0574-B991-E7C3EC27D630}.Debug|Any CPU.Build.0 = Debug|Any CPU
		{94FC6C2B-2D21-0574-B991-E7C3EC27D630}.Release|Any CPU.ActiveCfg = Release|Any CPU
		{94FC6C2B-2D21-0574-B991-E7C3EC27D630}.Release|Any CPU.Build.0 = Release|Any CPU
		{59D1253F-6788-B622-0E58-13C04556A4D6}.Debug|Any CPU.ActiveCfg = Debug|Any CPU
		{59D1253F-6788-B622-0E58-13C04556A4D6}.Debug|Any CPU.Build.0 = Debug|Any CPU
		{59D1253F-6788-B622-0E58-13C04556A4D6}.Release|Any CPU.ActiveCfg = Release|Any CPU
		{59D1253F-6788-B622-0E58-13C04556A4D6}.Release|Any CPU.Build.0 = Release|Any CPU
		{4AAB4E8F-C684-BA8D-43DE-FF85AF550B72}.Debug|Any CPU.ActiveCfg = Debug|Any CPU
		{4AAB4E8F-C684-BA8D-43DE-FF85AF550B72}.Debug|Any CPU.Build.0 = Debug|Any CPU
		{4AAB4E8F-C684-BA8D-43DE-FF85AF550B72}.Release|Any CPU.ActiveCfg = Release|Any CPU
		{4AAB4E8F-C684-BA8D-43DE-FF85AF550B72}.Release|Any CPU.Build.0 = Release|Any CPU
		{24374438-40C2-DF92-D25B-9826BA0817E1}.Debug|Any CPU.ActiveCfg = Debug|Any CPU
		{24374438-40C2-DF92-D25B-9826BA0817E1}.Debug|Any CPU.Build.0 = Debug|Any CPU
		{24374438-40C2-DF92-D25B-9826BA0817E1}.Release|Any CPU.ActiveCfg = Release|Any CPU
		{24374438-40C2-DF92-D25B-9826BA0817E1}.Release|Any CPU.Build.0 = Release|Any CPU
		{28FCDFA6-15CA-CF50-DAA7-11A8D7ADE621}.Debug|Any CPU.ActiveCfg = Debug|Any CPU
		{28FCDFA6-15CA-CF50-DAA7-11A8D7ADE621}.Debug|Any CPU.Build.0 = Debug|Any CPU
		{28FCDFA6-15CA-CF50-DAA7-11A8D7ADE621}.Release|Any CPU.ActiveCfg = Release|Any CPU
		{28FCDFA6-15CA-CF50-DAA7-11A8D7ADE621}.Release|Any CPU.Build.0 = Release|Any CPU
		{BEF44109-AFAC-A0A7-A3B6-84554C57481C}.Debug|Any CPU.ActiveCfg = Debug|Any CPU
		{BEF44109-AFAC-A0A7-A3B6-84554C57481C}.Debug|Any CPU.Build.0 = Debug|Any CPU
		{BEF44109-AFAC-A0A7-A3B6-84554C57481C}.Release|Any CPU.ActiveCfg = Release|Any CPU
		{BEF44109-AFAC-A0A7-A3B6-84554C57481C}.Release|Any CPU.Build.0 = Release|Any CPU
	EndGlobalSection
	GlobalSection(SolutionProperties) = preSolution
		HideSolutionNode = FALSE
	EndGlobalSection
EndGlobal
